
Microsoft Visual Studio Solution File, Format Version 12.00
# Visual Studio Version 16
VisualStudioVersion = 16.0.28803.352
MinimumVisualStudioVersion = 10.0.40219.1
Project("{FAE04EC0-301F-11D3-BF4B-00C04F79EFBC}") = "Hilo2", "Hilo2\Hilo2.csproj", "{C61A3C92-6E66-4A90-A573-79A9EA4A016F}"
EndProject
Global
	GlobalSection(SolutionConfigurationPlatforms) = preSolution
		Debug|Any CPU = Debug|Any CPU
		Release|Any CPU = Release|Any CPU
	EndGlobalSection
	GlobalSection(ProjectConfigurationPlatforms) = postSolution
		{C61A3C92-6E66-4A90-A573-79A9EA4A016F}.Debug|Any CPU.ActiveCfg = Debug|Any CPU
		{C61A3C92-6E66-4A90-A573-79A9EA4A016F}.Debug|Any CPU.Build.0 = Debug|Any CPU
		{C61A3C92-6E66-4A90-A573-79A9EA4A016F}.Release|Any CPU.ActiveCfg = Release|Any CPU
		{C61A3C92-6E66-4A90-A573-79A9EA4A016F}.Release|Any CPU.Build.0 = Release|Any CPU
	EndGlobalSection
	GlobalSection(SolutionProperties) = preSolution
		HideSolutionNode = FALSE
	EndGlobalSection
	GlobalSection(ExtensibilityGlobals) = postSolution
		SolutionGuid = {901A80A5-632B-4104-9912-7D45E07DEAC6}
	EndGlobalSection
EndGlobal
