
Microsoft Visual Studio Solution File, Format Version 12.00
# Visual Studio Version 16
VisualStudioVersion = 16.0.28803.352
MinimumVisualStudioVersion = 10.0.40219.1
Project("{FAE04EC0-301F-11D3-BF4B-00C04F79EFBC}") = "Hilo3", "Hilo3\Hilo3.csproj", "{E172B31E-5A42-4BE8-9B2B-DBAD35D82E7B}"
EndProject
Global
	GlobalSection(SolutionConfigurationPlatforms) = preSolution
		Debug|Any CPU = Debug|Any CPU
		Release|Any CPU = Release|Any CPU
	EndGlobalSection
	GlobalSection(ProjectConfigurationPlatforms) = postSolution
		{E172B31E-5A42-4BE8-9B2B-DBAD35D82E7B}.Debug|Any CPU.ActiveCfg = Debug|Any CPU
		{E172B31E-5A42-4BE8-9B2B-DBAD35D82E7B}.Debug|Any CPU.Build.0 = Debug|Any CPU
		{E172B31E-5A42-4BE8-9B2B-DBAD35D82E7B}.Release|Any CPU.ActiveCfg = Release|Any CPU
		{E172B31E-5A42-4BE8-9B2B-DBAD35D82E7B}.Release|Any CPU.Build.0 = Release|Any CPU
	EndGlobalSection
	GlobalSection(SolutionProperties) = preSolution
		HideSolutionNode = FALSE
	EndGlobalSection
	GlobalSection(ExtensibilityGlobals) = postSolution
		SolutionGuid = {89FA329C-F4DA-41FC-A9FF-1ABA6E2E6DB8}
	EndGlobalSection
EndGlobal
